
Microsoft Visual Studio Solution File, Format Version 12.00
# Visual Studio Version 17
VisualStudioVersion = 17.14.36518.9 d17.14
MinimumVisualStudioVersion = 10.0.40219.1
Project("{FAE04EC0-301F-11D3-BF4B-00C04F79EFBC}") = "3_Sobreposicao", "3_Sobreposicao\3_Sobreposicao.csproj", "{3717DDF0-C3E8-47C9-98DA-1620A4C743CA}"
EndProject
Global
	GlobalSection(SolutionConfigurationPlatforms) = preSolution
		Debug|Any CPU = Debug|Any CPU
		Release|Any CPU = Release|Any CPU
	EndGlobalSection
	GlobalSection(ProjectConfigurationPlatforms) = postSolution
		{3717DDF0-C3E8-47C9-98DA-1620A4C743CA}.Debug|Any CPU.ActiveCfg = Debug|Any CPU
		{3717DDF0-C3E8-47C9-98DA-1620A4C743CA}.Debug|Any CPU.Build.0 = Debug|Any CPU
		{3717DDF0-C3E8-47C9-98DA-1620A4C743CA}.Release|Any CPU.ActiveCfg = Release|Any CPU
		{3717DDF0-C3E8-47C9-98DA-1620A4C743CA}.Release|Any CPU.Build.0 = Release|Any CPU
	EndGlobalSection
	GlobalSection(SolutionProperties) = preSolution
		HideSolutionNode = FALSE
	EndGlobalSection
	GlobalSection(ExtensibilityGlobals) = postSolution
		SolutionGuid = {CE58533C-C86E-48EA-893C-85083394A9A5}
	EndGlobalSection
EndGlobal
