
Microsoft Visual Studio Solution File, Format Version 12.00
# Visual Studio Version 17
VisualStudioVersion = 17.14.36511.14 d17.14
MinimumVisualStudioVersion = 10.0.40219.1
Project("{FAE04EC0-301F-11D3-BF4B-00C04F79EFBC}") = "3_Vetores", "3_Vetores\3_Vetores.csproj", "{0ADB894C-79E0-4541-99DF-B4AC0E4CFF16}"
EndProject
Global
	GlobalSection(SolutionConfigurationPlatforms) = preSolution
		Debug|Any CPU = Debug|Any CPU
		Release|Any CPU = Release|Any CPU
	EndGlobalSection
	GlobalSection(ProjectConfigurationPlatforms) = postSolution
		{0ADB894C-79E0-4541-99DF-B4AC0E4CFF16}.Debug|Any CPU.ActiveCfg = Debug|Any CPU
		{0ADB894C-79E0-4541-99DF-B4AC0E4CFF16}.Debug|Any CPU.Build.0 = Debug|Any CPU
		{0ADB894C-79E0-4541-99DF-B4AC0E4CFF16}.Release|Any CPU.ActiveCfg = Release|Any CPU
		{0ADB894C-79E0-4541-99DF-B4AC0E4CFF16}.Release|Any CPU.Build.0 = Release|Any CPU
	EndGlobalSection
	GlobalSection(SolutionProperties) = preSolution
		HideSolutionNode = FALSE
	EndGlobalSection
	GlobalSection(ExtensibilityGlobals) = postSolution
		SolutionGuid = {F20DD30D-C37A-447B-8966-A9503C8CB50A}
	EndGlobalSection
EndGlobal
