
Microsoft Visual Studio Solution File, Format Version 12.00
# Visual Studio Version 17
VisualStudioVersion = 17.14.36518.9 d17.14
MinimumVisualStudioVersion = 10.0.40219.1
Project("{FAE04EC0-301F-11D3-BF4B-00C04F79EFBC}") = "2_FileStream&StreamReader", "2_FileStream&StreamReader\2_FileStream&StreamReader.csproj", "{71D68352-0853-42AA-B9AD-0EF8F7591266}"
EndProject
Global
	GlobalSection(SolutionConfigurationPlatforms) = preSolution
		Debug|Any CPU = Debug|Any CPU
		Release|Any CPU = Release|Any CPU
	EndGlobalSection
	GlobalSection(ProjectConfigurationPlatforms) = postSolution
		{71D68352-0853-42AA-B9AD-0EF8F7591266}.Debug|Any CPU.ActiveCfg = Debug|Any CPU
		{71D68352-0853-42AA-B9AD-0EF8F7591266}.Debug|Any CPU.Build.0 = Debug|Any CPU
		{71D68352-0853-42AA-B9AD-0EF8F7591266}.Release|Any CPU.ActiveCfg = Release|Any CPU
		{71D68352-0853-42AA-B9AD-0EF8F7591266}.Release|Any CPU.Build.0 = Release|Any CPU
	EndGlobalSection
	GlobalSection(SolutionProperties) = preSolution
		HideSolutionNode = FALSE
	EndGlobalSection
	GlobalSection(ExtensibilityGlobals) = postSolution
		SolutionGuid = {A1839816-6C01-4DC2-9796-757AB03A517C}
	EndGlobalSection
EndGlobal
