
Microsoft Visual Studio Solution File, Format Version 12.00
# Visual Studio Version 17
VisualStudioVersion = 17.14.36518.9 d17.14
MinimumVisualStudioVersion = 10.0.40219.1
Project("{FAE04EC0-301F-11D3-BF4B-00C04F79EFBC}") = "1_Cojuntos", "1_Cojuntos\1_Cojuntos.csproj", "{838DA3B2-9DDA-4D2D-BA73-6A497928C7F5}"
EndProject
Global
	GlobalSection(SolutionConfigurationPlatforms) = preSolution
		Debug|Any CPU = Debug|Any CPU
		Release|Any CPU = Release|Any CPU
	EndGlobalSection
	GlobalSection(ProjectConfigurationPlatforms) = postSolution
		{838DA3B2-9DDA-4D2D-BA73-6A497928C7F5}.Debug|Any CPU.ActiveCfg = Debug|Any CPU
		{838DA3B2-9DDA-4D2D-BA73-6A497928C7F5}.Debug|Any CPU.Build.0 = Debug|Any CPU
		{838DA3B2-9DDA-4D2D-BA73-6A497928C7F5}.Release|Any CPU.ActiveCfg = Release|Any CPU
		{838DA3B2-9DDA-4D2D-BA73-6A497928C7F5}.Release|Any CPU.Build.0 = Release|Any CPU
	EndGlobalSection
	GlobalSection(SolutionProperties) = preSolution
		HideSolutionNode = FALSE
	EndGlobalSection
	GlobalSection(ExtensibilityGlobals) = postSolution
		SolutionGuid = {166F6BA5-4913-4482-95F3-1CC299ADFE0C}
	EndGlobalSection
EndGlobal
