
Microsoft Visual Studio Solution File, Format Version 12.00
# Visual Studio Version 17
VisualStudioVersion = 17.14.36518.9 d17.14
MinimumVisualStudioVersion = 10.0.40219.1
Project("{FAE04EC0-301F-11D3-BF4B-00C04F79EFBC}") = "1_SolucaoSemInterface", "1_SolucaoSemInterface\1_SolucaoSemInterface.csproj", "{0777047B-6336-4D7C-AEE3-3DA98C0A9E2A}"
EndProject
Global
	GlobalSection(SolutionConfigurationPlatforms) = preSolution
		Debug|Any CPU = Debug|Any CPU
		Release|Any CPU = Release|Any CPU
	EndGlobalSection
	GlobalSection(ProjectConfigurationPlatforms) = postSolution
		{0777047B-6336-4D7C-AEE3-3DA98C0A9E2A}.Debug|Any CPU.ActiveCfg = Debug|Any CPU
		{0777047B-6336-4D7C-AEE3-3DA98C0A9E2A}.Debug|Any CPU.Build.0 = Debug|Any CPU
		{0777047B-6336-4D7C-AEE3-3DA98C0A9E2A}.Release|Any CPU.ActiveCfg = Release|Any CPU
		{0777047B-6336-4D7C-AEE3-3DA98C0A9E2A}.Release|Any CPU.Build.0 = Release|Any CPU
	EndGlobalSection
	GlobalSection(SolutionProperties) = preSolution
		HideSolutionNode = FALSE
	EndGlobalSection
	GlobalSection(ExtensibilityGlobals) = postSolution
		SolutionGuid = {E2D7DA39-F579-4E66-B656-B527F1DDBA74}
	EndGlobalSection
EndGlobal
