
Microsoft Visual Studio Solution File, Format Version 12.00
# Visual Studio Version 17
VisualStudioVersion = 17.14.36511.14 d17.14
MinimumVisualStudioVersion = 10.0.40219.1
Project("{FAE04EC0-301F-11D3-BF4B-00C04F79EFBC}") = "ModParam_ref_out", "ModParam_ref_out\ModParam_ref_out.csproj", "{A7865A30-6AB5-4E73-B2E7-EFC055FDCABF}"
EndProject
Global
	GlobalSection(SolutionConfigurationPlatforms) = preSolution
		Debug|Any CPU = Debug|Any CPU
		Release|Any CPU = Release|Any CPU
	EndGlobalSection
	GlobalSection(ProjectConfigurationPlatforms) = postSolution
		{A7865A30-6AB5-4E73-B2E7-EFC055FDCABF}.Debug|Any CPU.ActiveCfg = Debug|Any CPU
		{A7865A30-6AB5-4E73-B2E7-EFC055FDCABF}.Debug|Any CPU.Build.0 = Debug|Any CPU
		{A7865A30-6AB5-4E73-B2E7-EFC055FDCABF}.Release|Any CPU.ActiveCfg = Release|Any CPU
		{A7865A30-6AB5-4E73-B2E7-EFC055FDCABF}.Release|Any CPU.Build.0 = Release|Any CPU
	EndGlobalSection
	GlobalSection(SolutionProperties) = preSolution
		HideSolutionNode = FALSE
	EndGlobalSection
	GlobalSection(ExtensibilityGlobals) = postSolution
		SolutionGuid = {B02ACB55-3921-4B5A-A0B8-51A6FE4AD61E}
	EndGlobalSection
EndGlobal
