
Microsoft Visual Studio Solution File, Format Version 12.00
# Visual Studio Version 17
VisualStudioVersion = 17.14.36518.9 d17.14
MinimumVisualStudioVersion = 10.0.40219.1
Project("{FAE04EC0-301F-11D3-BF4B-00C04F79EFBC}") = "7_PropriedadesOperacoesTimeSpan", "7_PropriedadesOperacoesTimeSpan\7_PropriedadesOperacoesTimeSpan.csproj", "{96E4C0D7-7E83-4996-9A07-C29956B13201}"
EndProject
Global
	GlobalSection(SolutionConfigurationPlatforms) = preSolution
		Debug|Any CPU = Debug|Any CPU
		Release|Any CPU = Release|Any CPU
	EndGlobalSection
	GlobalSection(ProjectConfigurationPlatforms) = postSolution
		{96E4C0D7-7E83-4996-9A07-C29956B13201}.Debug|Any CPU.ActiveCfg = Debug|Any CPU
		{96E4C0D7-7E83-4996-9A07-C29956B13201}.Debug|Any CPU.Build.0 = Debug|Any CPU
		{96E4C0D7-7E83-4996-9A07-C29956B13201}.Release|Any CPU.ActiveCfg = Release|Any CPU
		{96E4C0D7-7E83-4996-9A07-C29956B13201}.Release|Any CPU.Build.0 = Release|Any CPU
	EndGlobalSection
	GlobalSection(SolutionProperties) = preSolution
		HideSolutionNode = FALSE
	EndGlobalSection
	GlobalSection(ExtensibilityGlobals) = postSolution
		SolutionGuid = {3FBA0F60-F0E0-410A-A977-21DCB175BEBD}
	EndGlobalSection
EndGlobal
