
Microsoft Visual Studio Solution File, Format Version 12.00
# Visual Studio Version 17
VisualStudioVersion = 17.14.36511.14 d17.14
MinimumVisualStudioVersion = 10.0.40219.1
Project("{FAE04EC0-301F-11D3-BF4B-00C04F79EFBC}") = "OperadoresLogocos", "OperadoresLogocos\OperadoresLogocos.csproj", "{6A8DCB5E-E798-487F-A401-AA61EA83D06D}"
EndProject
Global
	GlobalSection(SolutionConfigurationPlatforms) = preSolution
		Debug|Any CPU = Debug|Any CPU
		Release|Any CPU = Release|Any CPU
	EndGlobalSection
	GlobalSection(ProjectConfigurationPlatforms) = postSolution
		{6A8DCB5E-E798-487F-A401-AA61EA83D06D}.Debug|Any CPU.ActiveCfg = Debug|Any CPU
		{6A8DCB5E-E798-487F-A401-AA61EA83D06D}.Debug|Any CPU.Build.0 = Debug|Any CPU
		{6A8DCB5E-E798-487F-A401-AA61EA83D06D}.Release|Any CPU.ActiveCfg = Release|Any CPU
		{6A8DCB5E-E798-487F-A401-AA61EA83D06D}.Release|Any CPU.Build.0 = Release|Any CPU
	EndGlobalSection
	GlobalSection(SolutionProperties) = preSolution
		HideSolutionNode = FALSE
	EndGlobalSection
	GlobalSection(ExtensibilityGlobals) = postSolution
		SolutionGuid = {AA95AD10-86D2-4DB9-B718-9450C6961408}
	EndGlobalSection
EndGlobal
