
Microsoft Visual Studio Solution File, Format Version 12.00
# Visual Studio Version 17
VisualStudioVersion = 17.14.36511.14 d17.14
MinimumVisualStudioVersion = 10.0.40219.1
Project("{FAE04EC0-301F-11D3-BF4B-00C04F79EFBC}") = "4", "4\4.csproj", "{5AE1BB22-9DFA-42C4-93B5-67681F012E2B}"
EndProject
Global
	GlobalSection(SolutionConfigurationPlatforms) = preSolution
		Debug|Any CPU = Debug|Any CPU
		Release|Any CPU = Release|Any CPU
	EndGlobalSection
	GlobalSection(ProjectConfigurationPlatforms) = postSolution
		{5AE1BB22-9DFA-42C4-93B5-67681F012E2B}.Debug|Any CPU.ActiveCfg = Debug|Any CPU
		{5AE1BB22-9DFA-42C4-93B5-67681F012E2B}.Debug|Any CPU.Build.0 = Debug|Any CPU
		{5AE1BB22-9DFA-42C4-93B5-67681F012E2B}.Release|Any CPU.ActiveCfg = Release|Any CPU
		{5AE1BB22-9DFA-42C4-93B5-67681F012E2B}.Release|Any CPU.Build.0 = Release|Any CPU
	EndGlobalSection
	GlobalSection(SolutionProperties) = preSolution
		HideSolutionNode = FALSE
	EndGlobalSection
	GlobalSection(ExtensibilityGlobals) = postSolution
		SolutionGuid = {83B5B791-0777-496D-A155-5DC9C34D470F}
	EndGlobalSection
EndGlobal
