
Microsoft Visual Studio Solution File, Format Version 12.00
# Visual Studio Version 17
VisualStudioVersion = 17.14.36518.9 d17.14
MinimumVisualStudioVersion = 10.0.40219.1
Project("{FAE04EC0-301F-11D3-BF4B-00C04F79EFBC}") = "5_ClassesAbstratas", "5_ClassesAbstratas\5_ClassesAbstratas.csproj", "{EDB82DE7-DF06-4B1F-AAA9-AC73306349A8}"
EndProject
Global
	GlobalSection(SolutionConfigurationPlatforms) = preSolution
		Debug|Any CPU = Debug|Any CPU
		Release|Any CPU = Release|Any CPU
	EndGlobalSection
	GlobalSection(ProjectConfigurationPlatforms) = postSolution
		{EDB82DE7-DF06-4B1F-AAA9-AC73306349A8}.Debug|Any CPU.ActiveCfg = Debug|Any CPU
		{EDB82DE7-DF06-4B1F-AAA9-AC73306349A8}.Debug|Any CPU.Build.0 = Debug|Any CPU
		{EDB82DE7-DF06-4B1F-AAA9-AC73306349A8}.Release|Any CPU.ActiveCfg = Release|Any CPU
		{EDB82DE7-DF06-4B1F-AAA9-AC73306349A8}.Release|Any CPU.Build.0 = Release|Any CPU
	EndGlobalSection
	GlobalSection(SolutionProperties) = preSolution
		HideSolutionNode = FALSE
	EndGlobalSection
	GlobalSection(ExtensibilityGlobals) = postSolution
		SolutionGuid = {5BC246C2-8237-41C0-8D28-08E243578116}
	EndGlobalSection
EndGlobal
