
Microsoft Visual Studio Solution File, Format Version 12.00
# Visual Studio Version 17
VisualStudioVersion = 17.14.36511.14 d17.14
MinimumVisualStudioVersion = 10.0.40219.1
Project("{FAE04EC0-301F-11D3-BF4B-00C04F79EFBC}") = "For", "For\For.csproj", "{EB3EB753-0168-49A0-94EC-D0B253FF5FA9}"
EndProject
Global
	GlobalSection(SolutionConfigurationPlatforms) = preSolution
		Debug|Any CPU = Debug|Any CPU
		Release|Any CPU = Release|Any CPU
	EndGlobalSection
	GlobalSection(ProjectConfigurationPlatforms) = postSolution
		{EB3EB753-0168-49A0-94EC-D0B253FF5FA9}.Debug|Any CPU.ActiveCfg = Debug|Any CPU
		{EB3EB753-0168-49A0-94EC-D0B253FF5FA9}.Debug|Any CPU.Build.0 = Debug|Any CPU
		{EB3EB753-0168-49A0-94EC-D0B253FF5FA9}.Release|Any CPU.ActiveCfg = Release|Any CPU
		{EB3EB753-0168-49A0-94EC-D0B253FF5FA9}.Release|Any CPU.Build.0 = Release|Any CPU
	EndGlobalSection
	GlobalSection(SolutionProperties) = preSolution
		HideSolutionNode = FALSE
	EndGlobalSection
	GlobalSection(ExtensibilityGlobals) = postSolution
		SolutionGuid = {0FD003E8-B46E-468A-B44B-B418DFE068C9}
	EndGlobalSection
EndGlobal
